
Microsoft Visual Studio Solution File, Format Version 12.00
# Visual Studio Version 17
VisualStudioVersion = 17.1.32414.318
MinimumVisualStudioVersion = 10.0.40219.1
Project("{FAE04EC0-301F-11D3-BF4B-00C04F79EFBC}") = "DAL", "DAL\DAL.csproj", "{7604C32C-3D5E-4FB2-87FF-019A097BB33D}"
EndProject
Project("{FAE04EC0-301F-11D3-BF4B-00C04F79EFBC}") = "BLL", "BLL\BLL.csproj", "{A498F109-68B7-4105-9124-A0B72B5E4A68}"
EndProject
Project("{FAE04EC0-301F-11D3-BF4B-00C04F79EFBC}") = "UI", "WindowsFormsApp1\UI.csproj", "{D6EF7F77-28AD-4E29-AD1F-4DA9B2C11CC9}"
EndProject
Global
	GlobalSection(SolutionConfigurationPlatforms) = preSolution
		Debug|Any CPU = Debug|Any CPU
		Release|Any CPU = Release|Any CPU
	EndGlobalSection
	GlobalSection(ProjectConfigurationPlatforms) = postSolution
		{7604C32C-3D5E-4FB2-87FF-019A097BB33D}.Debug|Any CPU.ActiveCfg = Debug|Any CPU
		{7604C32C-3D5E-4FB2-87FF-019A097BB33D}.Debug|Any CPU.Build.0 = Debug|Any CPU
		{7604C32C-3D5E-4FB2-87FF-019A097BB33D}.Release|Any CPU.ActiveCfg = Release|Any CPU
		{7604C32C-3D5E-4FB2-87FF-019A097BB33D}.Release|Any CPU.Build.0 = Release|Any CPU
		{A498F109-68B7-4105-9124-A0B72B5E4A68}.Debug|Any CPU.ActiveCfg = Debug|Any CPU
		{A498F109-68B7-4105-9124-A0B72B5E4A68}.Debug|Any CPU.Build.0 = Debug|Any CPU
		{A498F109-68B7-4105-9124-A0B72B5E4A68}.Release|Any CPU.ActiveCfg = Release|Any CPU
		{A498F109-68B7-4105-9124-A0B72B5E4A68}.Release|Any CPU.Build.0 = Release|Any CPU
		{D6EF7F77-28AD-4E29-AD1F-4DA9B2C11CC9}.Debug|Any CPU.ActiveCfg = Debug|Any CPU
		{D6EF7F77-28AD-4E29-AD1F-4DA9B2C11CC9}.Debug|Any CPU.Build.0 = Debug|Any CPU
		{D6EF7F77-28AD-4E29-AD1F-4DA9B2C11CC9}.Release|Any CPU.ActiveCfg = Release|Any CPU
		{D6EF7F77-28AD-4E29-AD1F-4DA9B2C11CC9}.Release|Any CPU.Build.0 = Release|Any CPU
	EndGlobalSection
	GlobalSection(SolutionProperties) = preSolution
		HideSolutionNode = FALSE
	EndGlobalSection
	GlobalSection(ExtensibilityGlobals) = postSolution
		SolutionGuid = {B6C681F3-064D-40F1-B2A0-0C5B04DF5BF5}
	EndGlobalSection
EndGlobal
